
Microsoft Visual Studio Solution File, Format Version 12.00
# Visual Studio Version 17
VisualStudioVersion = 17.9.34728.123
MinimumVisualStudioVersion = 10.0.40219.1
Project("{FAE04EC0-301F-11D3-BF4B-00C04F79EFBC}") = "DryxStore", "DryxStore\DryxStore.csproj", "{39E7F89B-7075-4869-BE97-B8ED0E0B7FA5}"
EndProject
Global
	GlobalSection(SolutionConfigurationPlatforms) = preSolution
		Debug|Any CPU = Debug|Any CPU
		Release|Any CPU = Release|Any CPU
	EndGlobalSection
	GlobalSection(ProjectConfigurationPlatforms) = postSolution
		{39E7F89B-7075-4869-BE97-B8ED0E0B7FA5}.Debug|Any CPU.ActiveCfg = Debug|Any CPU
		{39E7F89B-7075-4869-BE97-B8ED0E0B7FA5}.Debug|Any CPU.Build.0 = Debug|Any CPU
		{39E7F89B-7075-4869-BE97-B8ED0E0B7FA5}.Release|Any CPU.ActiveCfg = Release|Any CPU
		{39E7F89B-7075-4869-BE97-B8ED0E0B7FA5}.Release|Any CPU.Build.0 = Release|Any CPU
	EndGlobalSection
	GlobalSection(SolutionProperties) = preSolution
		HideSolutionNode = FALSE
	EndGlobalSection
	GlobalSection(ExtensibilityGlobals) = postSolution
		SolutionGuid = {C9F168DA-E162-4703-AC31-576E15A59361}
	EndGlobalSection
EndGlobal
